// !$*UTF8*$!
{
	archiveVersion = 1;
	classes = {
	};
	objectVersion = 50;
	objects = {

/* Begin PBXBuildFile section */
		6F1003BEE008F8BCDA761A42 /* Pods_SearchNews_SearchNewsUITests.framework in Frameworks */ = {isa = PBXBuildFile; fileRef = 109E57F16B022DF8FDF6C434 /* Pods_SearchNews_SearchNewsUITests.framework */; };
		8CC3F14C05D8E7CD015B0666 /* Pods_SearchNews.framework in Frameworks */ = {isa = PBXBuildFile; fileRef = 1E9FD39166AB43DFB1CD55F3 /* Pods_SearchNews.framework */; };
		9C6C3314F72C7C8FFE7E8332 /* Pods_SearchNewsTests.framework in Frameworks */ = {isa = PBXBuildFile; fileRef = A8B3D53590C4213FB2EAC1A4 /* Pods_SearchNewsTests.framework */; };
		FAB258B526FE1BC9002A10B9 /* AppDelegate.swift in Sources */ = {isa = PBXBuildFile; fileRef = FAB258B426FE1BC9002A10B9 /* AppDelegate.swift */; };
		FAB258B726FE1BC9002A10B9 /* SceneDelegate.swift in Sources */ = {isa = PBXBuildFile; fileRef = FAB258B626FE1BC9002A10B9 /* SceneDelegate.swift */; };
		FAB258B926FE1BC9002A10B9 /* ViewController.swift in Sources */ = {isa = PBXBuildFile; fileRef = FAB258B826FE1BC9002A10B9 /* ViewController.swift */; };
		FAB258BC26FE1BC9002A10B9 /* Main.storyboard in Resources */ = {isa = PBXBuildFile; fileRef = FAB258BA26FE1BC9002A10B9 /* Main.storyboard */; };
		FAB258BF26FE1BC9002A10B9 /* SearchNews.xcdatamodeld in Sources */ = {isa = PBXBuildFile; fileRef = FAB258BD26FE1BC9002A10B9 /* SearchNews.xcdatamodeld */; };
		FAB258C126FE1BCB002A10B9 /* Assets.xcassets in Resources */ = {isa = PBXBuildFile; fileRef = FAB258C026FE1BCB002A10B9 /* Assets.xcassets */; };
		FAB258C426FE1BCB002A10B9 /* LaunchScreen.storyboard in Resources */ = {isa = PBXBuildFile; fileRef = FAB258C226FE1BCB002A10B9 /* LaunchScreen.storyboard */; };
		FAB258CF26FE1BCC002A10B9 /* SearchNewsTests.swift in Sources */ = {isa = PBXBuildFile; fileRef = FAB258CE26FE1BCC002A10B9 /* SearchNewsTests.swift */; };
		FAB258DA26FE1BCC002A10B9 /* SearchNewsUITests.swift in Sources */ = {isa = PBXBuildFile; fileRef = FAB258D926FE1BCC002A10B9 /* SearchNewsUITests.swift */; };
		FAB258F326FE2045002A10B9 /* NetworkService.swift in Sources */ = {isa = PBXBuildFile; fileRef = FAB258F226FE2045002A10B9 /* NetworkService.swift */; };
		FAB258F526FE2068002A10B9 /* Constants.swift in Sources */ = {isa = PBXBuildFile; fileRef = FAB258F426FE2068002A10B9 /* Constants.swift */; };
		FAB258F726FE20B9002A10B9 /* SearchNewsUseCase.swift in Sources */ = {isa = PBXBuildFile; fileRef = FAB258F626FE20B9002A10B9 /* SearchNewsUseCase.swift */; };
		FAB258F926FE20E5002A10B9 /* SearchNewsRepository.swift in Sources */ = {isa = PBXBuildFile; fileRef = FAB258F826FE20E5002A10B9 /* SearchNewsRepository.swift */; };
		FAB258FB26FE210A002A10B9 /* NewsModel.swift in Sources */ = {isa = PBXBuildFile; fileRef = FAB258FA26FE210A002A10B9 /* NewsModel.swift */; };
		FAB258FE26FE21A0002A10B9 /* NewsResponseDTO+Mapping.swift in Sources */ = {isa = PBXBuildFile; fileRef = FAB258FD26FE21A0002A10B9 /* NewsResponseDTO+Mapping.swift */; };
		FAB2590026FE2608002A10B9 /* NewsRequestDTO+Mapping.swift in Sources */ = {isa = PBXBuildFile; fileRef = FAB258FF26FE2608002A10B9 /* NewsRequestDTO+Mapping.swift */; };
		FAB2590226FE2A6A002A10B9 /* DefaultSearchNewsRepository.swift in Sources */ = {isa = PBXBuildFile; fileRef = FAB2590126FE2A6A002A10B9 /* DefaultSearchNewsRepository.swift */; };
		FAB2590526FE2B2C002A10B9 /* NewsResponseStorage.swift in Sources */ = {isa = PBXBuildFile; fileRef = FAB2590426FE2B2C002A10B9 /* NewsResponseStorage.swift */; };
		FAB2590826FE2BAD002A10B9 /* CoreDataStorage.swift in Sources */ = {isa = PBXBuildFile; fileRef = FAB2590726FE2BAD002A10B9 /* CoreDataStorage.swift */; };
		FAB2590B26FE2BF8002A10B9 /* DefaultNewsCoreDataStorage.swift in Sources */ = {isa = PBXBuildFile; fileRef = FAB2590A26FE2BF8002A10B9 /* DefaultNewsCoreDataStorage.swift */; };
		FAB2590D26FE32BD002A10B9 /* NewsQuery.swift in Sources */ = {isa = PBXBuildFile; fileRef = FAB2590C26FE32BD002A10B9 /* NewsQuery.swift */; };
		FAB2591226FE397F002A10B9 /* SearchNewsViewModel.swift in Sources */ = {isa = PBXBuildFile; fileRef = FAB2591126FE397F002A10B9 /* SearchNewsViewModel.swift */; };
		FAB2591426FE4F6F002A10B9 /* NewsListItemViewModel.swift in Sources */ = {isa = PBXBuildFile; fileRef = FAB2591326FE4F6F002A10B9 /* NewsListItemViewModel.swift */; };
		FAB2591726FE52F3002A10B9 /* SearchNewsViewController.swift in Sources */ = {isa = PBXBuildFile; fileRef = FAB2591526FE52F3002A10B9 /* SearchNewsViewController.swift */; };
		FAB2591826FE52F3002A10B9 /* SearchNewsViewController.xib in Resources */ = {isa = PBXBuildFile; fileRef = FAB2591626FE52F3002A10B9 /* SearchNewsViewController.xib */; };
		FAB2591B26FE5398002A10B9 /* NewsListTableViewCell.swift in Sources */ = {isa = PBXBuildFile; fileRef = FAB2591926FE5398002A10B9 /* NewsListTableViewCell.swift */; };
		FAB2591C26FE5398002A10B9 /* NewsListTableViewCell.xib in Resources */ = {isa = PBXBuildFile; fileRef = FAB2591A26FE5398002A10B9 /* NewsListTableViewCell.xib */; };
		FAB2591F26FE54B8002A10B9 /* ActivityIndicatorMaker.swift in Sources */ = {isa = PBXBuildFile; fileRef = FAB2591E26FE54B8002A10B9 /* ActivityIndicatorMaker.swift */; };
		FAB2592326FE5DB5002A10B9 /* UIViewController+Extension.swift in Sources */ = {isa = PBXBuildFile; fileRef = FAB2592226FE5DB5002A10B9 /* UIViewController+Extension.swift */; };
		FAB2592826FE7584002A10B9 /* ArticleDetailsViewController.swift in Sources */ = {isa = PBXBuildFile; fileRef = FAB2592626FE7584002A10B9 /* ArticleDetailsViewController.swift */; };
		FAB2592926FE7584002A10B9 /* ArticleDetailsViewController.xib in Resources */ = {isa = PBXBuildFile; fileRef = FAB2592726FE7584002A10B9 /* ArticleDetailsViewController.xib */; };
/* End PBXBuildFile section */

/* Begin PBXContainerItemProxy section */
		FAB258CB26FE1BCC002A10B9 /* PBXContainerItemProxy */ = {
			isa = PBXContainerItemProxy;
			containerPortal = FAB258A926FE1BC9002A10B9 /* Project object */;
			proxyType = 1;
			remoteGlobalIDString = FAB258B026FE1BC9002A10B9;
			remoteInfo = SearchNews;
		};
		FAB258D626FE1BCC002A10B9 /* PBXContainerItemProxy */ = {
			isa = PBXContainerItemProxy;
			containerPortal = FAB258A926FE1BC9002A10B9 /* Project object */;
			proxyType = 1;
			remoteGlobalIDString = FAB258B026FE1BC9002A10B9;
			remoteInfo = SearchNews;
		};
/* End PBXContainerItemProxy section */

/* Begin PBXFileReference section */
		03997949F2ED5C4362249A82 /* Pods-SearchNews-SearchNewsUITests.debug.xcconfig */ = {isa = PBXFileReference; includeInIndex = 1; lastKnownFileType = text.xcconfig; name = "Pods-SearchNews-SearchNewsUITests.debug.xcconfig"; path = "Target Support Files/Pods-SearchNews-SearchNewsUITests/Pods-SearchNews-SearchNewsUITests.debug.xcconfig"; sourceTree = "<group>"; };
		109E57F16B022DF8FDF6C434 /* Pods_SearchNews_SearchNewsUITests.framework */ = {isa = PBXFileReference; explicitFileType = wrapper.framework; includeInIndex = 0; path = Pods_SearchNews_SearchNewsUITests.framework; sourceTree = BUILT_PRODUCTS_DIR; };
		1E9FD39166AB43DFB1CD55F3 /* Pods_SearchNews.framework */ = {isa = PBXFileReference; explicitFileType = wrapper.framework; includeInIndex = 0; path = Pods_SearchNews.framework; sourceTree = BUILT_PRODUCTS_DIR; };
		2D8BC5313B8AA06D4066E106 /* Pods-SearchNews.release.xcconfig */ = {isa = PBXFileReference; includeInIndex = 1; lastKnownFileType = text.xcconfig; name = "Pods-SearchNews.release.xcconfig"; path = "Target Support Files/Pods-SearchNews/Pods-SearchNews.release.xcconfig"; sourceTree = "<group>"; };
		67099D65137611B908984DA8 /* Pods-SearchNewsTests.debug.xcconfig */ = {isa = PBXFileReference; includeInIndex = 1; lastKnownFileType = text.xcconfig; name = "Pods-SearchNewsTests.debug.xcconfig"; path = "Target Support Files/Pods-SearchNewsTests/Pods-SearchNewsTests.debug.xcconfig"; sourceTree = "<group>"; };
		731F7C0371D2F9960F8993EF /* Pods-SearchNews.debug.xcconfig */ = {isa = PBXFileReference; includeInIndex = 1; lastKnownFileType = text.xcconfig; name = "Pods-SearchNews.debug.xcconfig"; path = "Target Support Files/Pods-SearchNews/Pods-SearchNews.debug.xcconfig"; sourceTree = "<group>"; };
		84EB3348DC73B9F98160946C /* Pods-SearchNewsTests.release.xcconfig */ = {isa = PBXFileReference; includeInIndex = 1; lastKnownFileType = text.xcconfig; name = "Pods-SearchNewsTests.release.xcconfig"; path = "Target Support Files/Pods-SearchNewsTests/Pods-SearchNewsTests.release.xcconfig"; sourceTree = "<group>"; };
		A8B3D53590C4213FB2EAC1A4 /* Pods_SearchNewsTests.framework */ = {isa = PBXFileReference; explicitFileType = wrapper.framework; includeInIndex = 0; path = Pods_SearchNewsTests.framework; sourceTree = BUILT_PRODUCTS_DIR; };
		D2B7F927A2FAB11A7866619E /* Pods-SearchNews-SearchNewsUITests.release.xcconfig */ = {isa = PBXFileReference; includeInIndex = 1; lastKnownFileType = text.xcconfig; name = "Pods-SearchNews-SearchNewsUITests.release.xcconfig"; path = "Target Support Files/Pods-SearchNews-SearchNewsUITests/Pods-SearchNews-SearchNewsUITests.release.xcconfig"; sourceTree = "<group>"; };
		FAB258B126FE1BC9002A10B9 /* SearchNews.app */ = {isa = PBXFileReference; explicitFileType = wrapper.application; includeInIndex = 0; path = SearchNews.app; sourceTree = BUILT_PRODUCTS_DIR; };
		FAB258B426FE1BC9002A10B9 /* AppDelegate.swift */ = {isa = PBXFileReference; lastKnownFileType = sourcecode.swift; path = AppDelegate.swift; sourceTree = "<group>"; };
		FAB258B626FE1BC9002A10B9 /* SceneDelegate.swift */ = {isa = PBXFileReference; lastKnownFileType = sourcecode.swift; path = SceneDelegate.swift; sourceTree = "<group>"; };
		FAB258B826FE1BC9002A10B9 /* ViewController.swift */ = {isa = PBXFileReference; lastKnownFileType = sourcecode.swift; path = ViewController.swift; sourceTree = "<group>"; };
		FAB258BB26FE1BC9002A10B9 /* Base */ = {isa = PBXFileReference; lastKnownFileType = file.storyboard; name = Base; path = Base.lproj/Main.storyboard; sourceTree = "<group>"; };
		FAB258BE26FE1BC9002A10B9 /* SearchNews.xcdatamodel */ = {isa = PBXFileReference; lastKnownFileType = wrapper.xcdatamodel; path = SearchNews.xcdatamodel; sourceTree = "<group>"; };
		FAB258C026FE1BCB002A10B9 /* Assets.xcassets */ = {isa = PBXFileReference; lastKnownFileType = folder.assetcatalog; path = Assets.xcassets; sourceTree = "<group>"; };
		FAB258C326FE1BCB002A10B9 /* Base */ = {isa = PBXFileReference; lastKnownFileType = file.storyboard; name = Base; path = Base.lproj/LaunchScreen.storyboard; sourceTree = "<group>"; };
		FAB258C526FE1BCB002A10B9 /* Info.plist */ = {isa = PBXFileReference; lastKnownFileType = text.plist.xml; path = Info.plist; sourceTree = "<group>"; };
		FAB258CA26FE1BCC002A10B9 /* SearchNewsTests.xctest */ = {isa = PBXFileReference; explicitFileType = wrapper.cfbundle; includeInIndex = 0; path = SearchNewsTests.xctest; sourceTree = BUILT_PRODUCTS_DIR; };
		FAB258CE26FE1BCC002A10B9 /* SearchNewsTests.swift */ = {isa = PBXFileReference; lastKnownFileType = sourcecode.swift; path = SearchNewsTests.swift; sourceTree = "<group>"; };
		FAB258D026FE1BCC002A10B9 /* Info.plist */ = {isa = PBXFileReference; lastKnownFileType = text.plist.xml; path = Info.plist; sourceTree = "<group>"; };
		FAB258D526FE1BCC002A10B9 /* SearchNewsUITests.xctest */ = {isa = PBXFileReference; explicitFileType = wrapper.cfbundle; includeInIndex = 0; path = SearchNewsUITests.xctest; sourceTree = BUILT_PRODUCTS_DIR; };
		FAB258D926FE1BCC002A10B9 /* SearchNewsUITests.swift */ = {isa = PBXFileReference; lastKnownFileType = sourcecode.swift; path = SearchNewsUITests.swift; sourceTree = "<group>"; };
		FAB258DB26FE1BCC002A10B9 /* Info.plist */ = {isa = PBXFileReference; lastKnownFileType = text.plist.xml; path = Info.plist; sourceTree = "<group>"; };
		FAB258F226FE2045002A10B9 /* NetworkService.swift */ = {isa = PBXFileReference; lastKnownFileType = sourcecode.swift; path = NetworkService.swift; sourceTree = "<group>"; };
		FAB258F426FE2068002A10B9 /* Constants.swift */ = {isa = PBXFileReference; lastKnownFileType = sourcecode.swift; path = Constants.swift; sourceTree = "<group>"; };
		FAB258F626FE20B9002A10B9 /* SearchNewsUseCase.swift */ = {isa = PBXFileReference; lastKnownFileType = sourcecode.swift; path = SearchNewsUseCase.swift; sourceTree = "<group>"; };
		FAB258F826FE20E5002A10B9 /* SearchNewsRepository.swift */ = {isa = PBXFileReference; lastKnownFileType = sourcecode.swift; path = SearchNewsRepository.swift; sourceTree = "<group>"; };
		FAB258FA26FE210A002A10B9 /* NewsModel.swift */ = {isa = PBXFileReference; lastKnownFileType = sourcecode.swift; path = NewsModel.swift; sourceTree = "<group>"; };
		FAB258FD26FE21A0002A10B9 /* NewsResponseDTO+Mapping.swift */ = {isa = PBXFileReference; lastKnownFileType = sourcecode.swift; path = "NewsResponseDTO+Mapping.swift"; sourceTree = "<group>"; };
		FAB258FF26FE2608002A10B9 /* NewsRequestDTO+Mapping.swift */ = {isa = PBXFileReference; lastKnownFileType = sourcecode.swift; path = "NewsRequestDTO+Mapping.swift"; sourceTree = "<group>"; };
		FAB2590126FE2A6A002A10B9 /* DefaultSearchNewsRepository.swift */ = {isa = PBXFileReference; lastKnownFileType = sourcecode.swift; path = DefaultSearchNewsRepository.swift; sourceTree = "<group>"; };
		FAB2590426FE2B2C002A10B9 /* NewsResponseStorage.swift */ = {isa = PBXFileReference; lastKnownFileType = sourcecode.swift; path = NewsResponseStorage.swift; sourceTree = "<group>"; };
		FAB2590726FE2BAD002A10B9 /* CoreDataStorage.swift */ = {isa = PBXFileReference; lastKnownFileType = sourcecode.swift; path = CoreDataStorage.swift; sourceTree = "<group>"; };
		FAB2590A26FE2BF8002A10B9 /* DefaultNewsCoreDataStorage.swift */ = {isa = PBXFileReference; lastKnownFileType = sourcecode.swift; path = DefaultNewsCoreDataStorage.swift; sourceTree = "<group>"; };
		FAB2590C26FE32BD002A10B9 /* NewsQuery.swift */ = {isa = PBXFileReference; lastKnownFileType = sourcecode.swift; path = NewsQuery.swift; sourceTree = "<group>"; };
		FAB2591126FE397F002A10B9 /* SearchNewsViewModel.swift */ = {isa = PBXFileReference; lastKnownFileType = sourcecode.swift; path = SearchNewsViewModel.swift; sourceTree = "<group>"; };
		FAB2591326FE4F6F002A10B9 /* NewsListItemViewModel.swift */ = {isa = PBXFileReference; lastKnownFileType = sourcecode.swift; path = NewsListItemViewModel.swift; sourceTree = "<group>"; };
		FAB2591526FE52F3002A10B9 /* SearchNewsViewController.swift */ = {isa = PBXFileReference; lastKnownFileType = sourcecode.swift; path = SearchNewsViewController.swift; sourceTree = "<group>"; };
		FAB2591626FE52F3002A10B9 /* SearchNewsViewController.xib */ = {isa = PBXFileReference; lastKnownFileType = file.xib; path = SearchNewsViewController.xib; sourceTree = "<group>"; };
		FAB2591926FE5398002A10B9 /* NewsListTableViewCell.swift */ = {isa = PBXFileReference; lastKnownFileType = sourcecode.swift; path = NewsListTableViewCell.swift; sourceTree = "<group>"; };
		FAB2591A26FE5398002A10B9 /* NewsListTableViewCell.xib */ = {isa = PBXFileReference; lastKnownFileType = file.xib; path = NewsListTableViewCell.xib; sourceTree = "<group>"; };
		FAB2591E26FE54B8002A10B9 /* ActivityIndicatorMaker.swift */ = {isa = PBXFileReference; lastKnownFileType = sourcecode.swift; path = ActivityIndicatorMaker.swift; sourceTree = "<group>"; };
		FAB2592226FE5DB5002A10B9 /* UIViewController+Extension.swift */ = {isa = PBXFileReference; lastKnownFileType = sourcecode.swift; path = "UIViewController+Extension.swift"; sourceTree = "<group>"; };
		FAB2592626FE7584002A10B9 /* ArticleDetailsViewController.swift */ = {isa = PBXFileReference; lastKnownFileType = sourcecode.swift; path = ArticleDetailsViewController.swift; sourceTree = "<group>"; };
		FAB2592726FE7584002A10B9 /* ArticleDetailsViewController.xib */ = {isa = PBXFileReference; lastKnownFileType = file.xib; path = ArticleDetailsViewController.xib; sourceTree = "<group>"; };
/* End PBXFileReference section */

/* Begin PBXFrameworksBuildPhase section */
		FAB258AE26FE1BC9002A10B9 /* Frameworks */ = {
			isa = PBXFrameworksBuildPhase;
			buildActionMask = 2147483647;
			files = (
				8CC3F14C05D8E7CD015B0666 /* Pods_SearchNews.framework in Frameworks */,
			);
			runOnlyForDeploymentPostprocessing = 0;
		};
		FAB258C726FE1BCC002A10B9 /* Frameworks */ = {
			isa = PBXFrameworksBuildPhase;
			buildActionMask = 2147483647;
			files = (
				9C6C3314F72C7C8FFE7E8332 /* Pods_SearchNewsTests.framework in Frameworks */,
			);
			runOnlyForDeploymentPostprocessing = 0;
		};
		FAB258D226FE1BCC002A10B9 /* Frameworks */ = {
			isa = PBXFrameworksBuildPhase;
			buildActionMask = 2147483647;
			files = (
				6F1003BEE008F8BCDA761A42 /* Pods_SearchNews_SearchNewsUITests.framework in Frameworks */,
			);
			runOnlyForDeploymentPostprocessing = 0;
		};
/* End PBXFrameworksBuildPhase section */

/* Begin PBXGroup section */
		4CD2D47D2D722E2F6320C4E8 /* Frameworks */ = {
			isa = PBXGroup;
			children = (
				1E9FD39166AB43DFB1CD55F3 /* Pods_SearchNews.framework */,
				109E57F16B022DF8FDF6C434 /* Pods_SearchNews_SearchNewsUITests.framework */,
				A8B3D53590C4213FB2EAC1A4 /* Pods_SearchNewsTests.framework */,
			);
			name = Frameworks;
			sourceTree = "<group>";
		};
		662C84A4FF61A4FA29B8385D /* Pods */ = {
			isa = PBXGroup;
			children = (
				731F7C0371D2F9960F8993EF /* Pods-SearchNews.debug.xcconfig */,
				2D8BC5313B8AA06D4066E106 /* Pods-SearchNews.release.xcconfig */,
				03997949F2ED5C4362249A82 /* Pods-SearchNews-SearchNewsUITests.debug.xcconfig */,
				D2B7F927A2FAB11A7866619E /* Pods-SearchNews-SearchNewsUITests.release.xcconfig */,
				67099D65137611B908984DA8 /* Pods-SearchNewsTests.debug.xcconfig */,
				84EB3348DC73B9F98160946C /* Pods-SearchNewsTests.release.xcconfig */,
			);
			name = Pods;
			path = Pods;
			sourceTree = "<group>";
		};
		FAB258A826FE1BC9002A10B9 = {
			isa = PBXGroup;
			children = (
				FAB258B326FE1BC9002A10B9 /* SearchNews */,
				FAB258CD26FE1BCC002A10B9 /* SearchNewsTests */,
				FAB258D826FE1BCC002A10B9 /* SearchNewsUITests */,
				FAB258B226FE1BC9002A10B9 /* Products */,
				662C84A4FF61A4FA29B8385D /* Pods */,
				4CD2D47D2D722E2F6320C4E8 /* Frameworks */,
			);
			sourceTree = "<group>";
		};
		FAB258B226FE1BC9002A10B9 /* Products */ = {
			isa = PBXGroup;
			children = (
				FAB258B126FE1BC9002A10B9 /* SearchNews.app */,
				FAB258CA26FE1BCC002A10B9 /* SearchNewsTests.xctest */,
				FAB258D526FE1BCC002A10B9 /* SearchNewsUITests.xctest */,
			);
			name = Products;
			sourceTree = "<group>";
		};
		FAB258B326FE1BC9002A10B9 /* SearchNews */ = {
			isa = PBXGroup;
			children = (
				FAB258E726FE1DD3002A10B9 /* Application */,
				FAB258E826FE1DEE002A10B9 /* Presentation */,
				FAB258E926FE1DF5002A10B9 /* Domain */,
				FAB258EA26FE1DFD002A10B9 /* Data */,
				FAB258B826FE1BC9002A10B9 /* ViewController.swift */,
				FAB258BA26FE1BC9002A10B9 /* Main.storyboard */,
				FAB258C026FE1BCB002A10B9 /* Assets.xcassets */,
				FAB258C226FE1BCB002A10B9 /* LaunchScreen.storyboard */,
				FAB258C526FE1BCB002A10B9 /* Info.plist */,
				FAB258BD26FE1BC9002A10B9 /* SearchNews.xcdatamodeld */,
			);
			path = SearchNews;
			sourceTree = "<group>";
		};
		FAB258CD26FE1BCC002A10B9 /* SearchNewsTests */ = {
			isa = PBXGroup;
			children = (
				FAB258CE26FE1BCC002A10B9 /* SearchNewsTests.swift */,
				FAB258D026FE1BCC002A10B9 /* Info.plist */,
			);
			path = SearchNewsTests;
			sourceTree = "<group>";
		};
		FAB258D826FE1BCC002A10B9 /* SearchNewsUITests */ = {
			isa = PBXGroup;
			children = (
				FAB258D926FE1BCC002A10B9 /* SearchNewsUITests.swift */,
				FAB258DB26FE1BCC002A10B9 /* Info.plist */,
			);
			path = SearchNewsUITests;
			sourceTree = "<group>";
		};
		FAB258E726FE1DD3002A10B9 /* Application */ = {
			isa = PBXGroup;
			children = (
				FAB258B426FE1BC9002A10B9 /* AppDelegate.swift */,
				FAB258B626FE1BC9002A10B9 /* SceneDelegate.swift */,
			);
			path = Application;
			sourceTree = "<group>";
		};
		FAB258E826FE1DEE002A10B9 /* Presentation */ = {
			isa = PBXGroup;
			children = (
				FAB2591D26FE54A2002A10B9 /* Utils */,
				FAB2590E26FE3947002A10B9 /* Search News */,
			);
			path = Presentation;
			sourceTree = "<group>";
		};
		FAB258E926FE1DF5002A10B9 /* Domain */ = {
			isa = PBXGroup;
			children = (
				FAB258EF26FE1FA0002A10B9 /* Entity */,
				FAB258F026FE1FA6002A10B9 /* Search News */,
			);
			path = Domain;
			sourceTree = "<group>";
		};
		FAB258EA26FE1DFD002A10B9 /* Data */ = {
			isa = PBXGroup;
			children = (
				FAB258EB26FE1F6B002A10B9 /* Source */,
				FAB258EC26FE1F6F002A10B9 /* Repository */,
			);
			path = Data;
			sourceTree = "<group>";
		};
		FAB258EB26FE1F6B002A10B9 /* Source */ = {
			isa = PBXGroup;
			children = (
				FAB258ED26FE1F7E002A10B9 /* Remote */,
				FAB258EE26FE1F83002A10B9 /* Local */,
			);
			path = Source;
			sourceTree = "<group>";
		};
		FAB258EC26FE1F6F002A10B9 /* Repository */ = {
			isa = PBXGroup;
			children = (
				FAB2590126FE2A6A002A10B9 /* DefaultSearchNewsRepository.swift */,
			);
			path = Repository;
			sourceTree = "<group>";
		};
		FAB258ED26FE1F7E002A10B9 /* Remote */ = {
			isa = PBXGroup;
			children = (
				FAB258FC26FE217F002A10B9 /* Data Mapping */,
				FAB258F126FE1FD8002A10B9 /* Network */,
			);
			path = Remote;
			sourceTree = "<group>";
		};
		FAB258EE26FE1F83002A10B9 /* Local */ = {
			isa = PBXGroup;
			children = (
				FAB2590626FE2B9A002A10B9 /* Core Data Storage */,
				FAB2590926FE2BDB002A10B9 /* News Response Storage */,
			);
			path = Local;
			sourceTree = "<group>";
		};
		FAB258EF26FE1FA0002A10B9 /* Entity */ = {
			isa = PBXGroup;
			children = (
				FAB258FA26FE210A002A10B9 /* NewsModel.swift */,
				FAB2590C26FE32BD002A10B9 /* NewsQuery.swift */,
			);
			path = Entity;
			sourceTree = "<group>";
		};
		FAB258F026FE1FA6002A10B9 /* Search News */ = {
			isa = PBXGroup;
			children = (
				FAB258F626FE20B9002A10B9 /* SearchNewsUseCase.swift */,
				FAB258F826FE20E5002A10B9 /* SearchNewsRepository.swift */,
			);
			path = "Search News";
			sourceTree = "<group>";
		};
		FAB258F126FE1FD8002A10B9 /* Network */ = {
			isa = PBXGroup;
			children = (
				FAB258F226FE2045002A10B9 /* NetworkService.swift */,
				FAB258F426FE2068002A10B9 /* Constants.swift */,
			);
			path = Network;
			sourceTree = "<group>";
		};
		FAB258FC26FE217F002A10B9 /* Data Mapping */ = {
			isa = PBXGroup;
			children = (
				FAB258FD26FE21A0002A10B9 /* NewsResponseDTO+Mapping.swift */,
				FAB258FF26FE2608002A10B9 /* NewsRequestDTO+Mapping.swift */,
			);
			path = "Data Mapping";
			sourceTree = "<group>";
		};
		FAB2590626FE2B9A002A10B9 /* Core Data Storage */ = {
			isa = PBXGroup;
			children = (
				FAB2590726FE2BAD002A10B9 /* CoreDataStorage.swift */,
			);
			path = "Core Data Storage";
			sourceTree = "<group>";
		};
		FAB2590926FE2BDB002A10B9 /* News Response Storage */ = {
			isa = PBXGroup;
			children = (
				FAB2590426FE2B2C002A10B9 /* NewsResponseStorage.swift */,
				FAB2590A26FE2BF8002A10B9 /* DefaultNewsCoreDataStorage.swift */,
			);
			path = "News Response Storage";
			sourceTree = "<group>";
		};
		FAB2590E26FE3947002A10B9 /* Search News */ = {
			isa = PBXGroup;
			children = (
				FAB2592526FE7551002A10B9 /* List */,
				FAB2592426FE7532002A10B9 /* Details */,
			);
			path = "Search News";
			sourceTree = "<group>";
		};
		FAB2590F26FE394D002A10B9 /* View Model */ = {
			isa = PBXGroup;
			children = (
				FAB2591126FE397F002A10B9 /* SearchNewsViewModel.swift */,
				FAB2591326FE4F6F002A10B9 /* NewsListItemViewModel.swift */,
			);
			path = "View Model";
			sourceTree = "<group>";
		};
		FAB2591026FE3953002A10B9 /* View */ = {
			isa = PBXGroup;
			children = (
				FAB2591526FE52F3002A10B9 /* SearchNewsViewController.swift */,
				FAB2591626FE52F3002A10B9 /* SearchNewsViewController.xib */,
				FAB2591926FE5398002A10B9 /* NewsListTableViewCell.swift */,
				FAB2591A26FE5398002A10B9 /* NewsListTableViewCell.xib */,
			);
			path = View;
			sourceTree = "<group>";
		};
		FAB2591D26FE54A2002A10B9 /* Utils */ = {
			isa = PBXGroup;
			children = (
				FAB2591E26FE54B8002A10B9 /* ActivityIndicatorMaker.swift */,
				FAB2592226FE5DB5002A10B9 /* UIViewController+Extension.swift */,
			);
			path = Utils;
			sourceTree = "<group>";
		};
		FAB2592426FE7532002A10B9 /* Details */ = {
			isa = PBXGroup;
			children = (
				FAB2592626FE7584002A10B9 /* ArticleDetailsViewController.swift */,
				FAB2592726FE7584002A10B9 /* ArticleDetailsViewController.xib */,
			);
			path = Details;
			sourceTree = "<group>";
		};
		FAB2592526FE7551002A10B9 /* List */ = {
			isa = PBXGroup;
			children = (
				FAB2591026FE3953002A10B9 /* View */,
				FAB2590F26FE394D002A10B9 /* View Model */,
			);
			path = List;
			sourceTree = "<group>";
		};
/* End PBXGroup section */

/* Begin PBXNativeTarget section */
		FAB258B026FE1BC9002A10B9 /* SearchNews */ = {
			isa = PBXNativeTarget;
			buildConfigurationList = FAB258DE26FE1BCC002A10B9 /* Build configuration list for PBXNativeTarget "SearchNews" */;
			buildPhases = (
				8776A6854D4D6DA9D12B830E /* [CP] Check Pods Manifest.lock */,
				FAB258AD26FE1BC9002A10B9 /* Sources */,
				FAB258AE26FE1BC9002A10B9 /* Frameworks */,
				FAB258AF26FE1BC9002A10B9 /* Resources */,
				B1EBB949AE2F269F385000B1 /* [CP] Embed Pods Frameworks */,
			);
			buildRules = (
			);
			dependencies = (
			);
			name = SearchNews;
			productName = SearchNews;
			productReference = FAB258B126FE1BC9002A10B9 /* SearchNews.app */;
			productType = "com.apple.product-type.application";
		};
		FAB258C926FE1BCC002A10B9 /* SearchNewsTests */ = {
			isa = PBXNativeTarget;
			buildConfigurationList = FAB258E126FE1BCC002A10B9 /* Build configuration list for PBXNativeTarget "SearchNewsTests" */;
			buildPhases = (
				EBCF9DA32AD2C4BE46DCEBEB /* [CP] Check Pods Manifest.lock */,
				FAB258C626FE1BCC002A10B9 /* Sources */,
				FAB258C726FE1BCC002A10B9 /* Frameworks */,
				FAB258C826FE1BCC002A10B9 /* Resources */,
			);
			buildRules = (
			);
			dependencies = (
				FAB258CC26FE1BCC002A10B9 /* PBXTargetDependency */,
			);
			name = SearchNewsTests;
			productName = SearchNewsTests;
			productReference = FAB258CA26FE1BCC002A10B9 /* SearchNewsTests.xctest */;
			productType = "com.apple.product-type.bundle.unit-test";
		};
		FAB258D426FE1BCC002A10B9 /* SearchNewsUITests */ = {
			isa = PBXNativeTarget;
			buildConfigurationList = FAB258E426FE1BCC002A10B9 /* Build configuration list for PBXNativeTarget "SearchNewsUITests" */;
			buildPhases = (
				24E43EF64F5E85523C32895C /* [CP] Check Pods Manifest.lock */,
				FAB258D126FE1BCC002A10B9 /* Sources */,
				FAB258D226FE1BCC002A10B9 /* Frameworks */,
				FAB258D326FE1BCC002A10B9 /* Resources */,
				34C171ABEE2684846E08E7A7 /* [CP] Embed Pods Frameworks */,
			);
			buildRules = (
			);
			dependencies = (
				FAB258D726FE1BCC002A10B9 /* PBXTargetDependency */,
			);
			name = SearchNewsUITests;
			productName = SearchNewsUITests;
			productReference = FAB258D526FE1BCC002A10B9 /* SearchNewsUITests.xctest */;
			productType = "com.apple.product-type.bundle.ui-testing";
		};
/* End PBXNativeTarget section */

/* Begin PBXProject section */
		FAB258A926FE1BC9002A10B9 /* Project object */ = {
			isa = PBXProject;
			attributes = {
				LastSwiftUpdateCheck = 1250;
				LastUpgradeCheck = 1250;
				TargetAttributes = {
					FAB258B026FE1BC9002A10B9 = {
						CreatedOnToolsVersion = 12.5;
					};
					FAB258C926FE1BCC002A10B9 = {
						CreatedOnToolsVersion = 12.5;
						TestTargetID = FAB258B026FE1BC9002A10B9;
					};
					FAB258D426FE1BCC002A10B9 = {
						CreatedOnToolsVersion = 12.5;
						TestTargetID = FAB258B026FE1BC9002A10B9;
					};
				};
			};
			buildConfigurationList = FAB258AC26FE1BC9002A10B9 /* Build configuration list for PBXProject "SearchNews" */;
			compatibilityVersion = "Xcode 9.3";
			developmentRegion = en;
			hasScannedForEncodings = 0;
			knownRegions = (
				en,
				Base,
			);
			mainGroup = FAB258A826FE1BC9002A10B9;
			productRefGroup = FAB258B226FE1BC9002A10B9 /* Products */;
			projectDirPath = "";
			projectRoot = "";
			targets = (
				FAB258B026FE1BC9002A10B9 /* SearchNews */,
				FAB258C926FE1BCC002A10B9 /* SearchNewsTests */,
				FAB258D426FE1BCC002A10B9 /* SearchNewsUITests */,
			);
		};
/* End PBXProject section */

/* Begin PBXResourcesBuildPhase section */
		FAB258AF26FE1BC9002A10B9 /* Resources */ = {
			isa = PBXResourcesBuildPhase;
			buildActionMask = 2147483647;
			files = (
				FAB2591C26FE5398002A10B9 /* NewsListTableViewCell.xib in Resources */,
				FAB258C426FE1BCB002A10B9 /* LaunchScreen.storyboard in Resources */,
				FAB258C126FE1BCB002A10B9 /* Assets.xcassets in Resources */,
				FAB258BC26FE1BC9002A10B9 /* Main.storyboard in Resources */,
				FAB2592926FE7584002A10B9 /* ArticleDetailsViewController.xib in Resources */,
				FAB2591826FE52F3002A10B9 /* SearchNewsViewController.xib in Resources */,
			);
			runOnlyForDeploymentPostprocessing = 0;
		};
		FAB258C826FE1BCC002A10B9 /* Resources */ = {
			isa = PBXResourcesBuildPhase;
			buildActionMask = 2147483647;
			files = (
			);
			runOnlyForDeploymentPostprocessing = 0;
		};
		FAB258D326FE1BCC002A10B9 /* Resources */ = {
			isa = PBXResourcesBuildPhase;
			buildActionMask = 2147483647;
			files = (
			);
			runOnlyForDeploymentPostprocessing = 0;
		};
/* End PBXResourcesBuildPhase section */

/* Begin PBXShellScriptBuildPhase section */
		24E43EF64F5E85523C32895C /* [CP] Check Pods Manifest.lock */ = {
			isa = PBXShellScriptBuildPhase;
			buildActionMask = 2147483647;
			files = (
			);
			inputFileListPaths = (
			);
			inputPaths = (
				"${PODS_PODFILE_DIR_PATH}/Podfile.lock",
				"${PODS_ROOT}/Manifest.lock",
			);
			name = "[CP] Check Pods Manifest.lock";
			outputFileListPaths = (
			);
			outputPaths = (
				"$(DERIVED_FILE_DIR)/Pods-SearchNews-SearchNewsUITests-checkManifestLockResult.txt",
			);
			runOnlyForDeploymentPostprocessing = 0;
			shellPath = /bin/sh;
			shellScript = "diff \"${PODS_PODFILE_DIR_PATH}/Podfile.lock\" \"${PODS_ROOT}/Manifest.lock\" > /dev/null\nif [ $? != 0 ] ; then\n    # print error to STDERR\n    echo \"error: The sandbox is not in sync with the Podfile.lock. Run 'pod install' or update your CocoaPods installation.\" >&2\n    exit 1\nfi\n# This output is used by Xcode 'outputs' to avoid re-running this script phase.\necho \"SUCCESS\" > \"${SCRIPT_OUTPUT_FILE_0}\"\n";
			showEnvVarsInLog = 0;
		};
		34C171ABEE2684846E08E7A7 /* [CP] Embed Pods Frameworks */ = {
			isa = PBXShellScriptBuildPhase;
			buildActionMask = 2147483647;
			files = (
			);
			inputFileListPaths = (
				"${PODS_ROOT}/Target Support Files/Pods-SearchNews-SearchNewsUITests/Pods-SearchNews-SearchNewsUITests-frameworks-${CONFIGURATION}-input-files.xcfilelist",
			);
			name = "[CP] Embed Pods Frameworks";
			outputFileListPaths = (
				"${PODS_ROOT}/Target Support Files/Pods-SearchNews-SearchNewsUITests/Pods-SearchNews-SearchNewsUITests-frameworks-${CONFIGURATION}-output-files.xcfilelist",
			);
			runOnlyForDeploymentPostprocessing = 0;
			shellPath = /bin/sh;
			shellScript = "\"${PODS_ROOT}/Target Support Files/Pods-SearchNews-SearchNewsUITests/Pods-SearchNews-SearchNewsUITests-frameworks.sh\"\n";
			showEnvVarsInLog = 0;
		};
		8776A6854D4D6DA9D12B830E /* [CP] Check Pods Manifest.lock */ = {
			isa = PBXShellScriptBuildPhase;
			buildActionMask = 2147483647;
			files = (
			);
			inputFileListPaths = (
			);
			inputPaths = (
				"${PODS_PODFILE_DIR_PATH}/Podfile.lock",
				"${PODS_ROOT}/Manifest.lock",
			);
			name = "[CP] Check Pods Manifest.lock";
			outputFileListPaths = (
			);
			outputPaths = (
				"$(DERIVED_FILE_DIR)/Pods-SearchNews-checkManifestLockResult.txt",
			);
			runOnlyForDeploymentPostprocessing = 0;
			shellPath = /bin/sh;
			shellScript = "diff \"${PODS_PODFILE_DIR_PATH}/Podfile.lock\" \"${PODS_ROOT}/Manifest.lock\" > /dev/null\nif [ $? != 0 ] ; then\n    # print error to STDERR\n    echo \"error: The sandbox is not in sync with the Podfile.lock. Run 'pod install' or update your CocoaPods installation.\" >&2\n    exit 1\nfi\n# This output is used by Xcode 'outputs' to avoid re-running this script phase.\necho \"SUCCESS\" > \"${SCRIPT_OUTPUT_FILE_0}\"\n";
			showEnvVarsInLog = 0;
		};
		B1EBB949AE2F269F385000B1 /* [CP] Embed Pods Frameworks */ = {
			isa = PBXShellScriptBuildPhase;
			buildActionMask = 2147483647;
			files = (
			);
			inputFileListPaths = (
				"${PODS_ROOT}/Target Support Files/Pods-SearchNews/Pods-SearchNews-frameworks-${CONFIGURATION}-input-files.xcfilelist",
			);
			name = "[CP] Embed Pods Frameworks";
			outputFileListPaths = (
				"${PODS_ROOT}/Target Support Files/Pods-SearchNews/Pods-SearchNews-frameworks-${CONFIGURATION}-output-files.xcfilelist",
			);
			runOnlyForDeploymentPostprocessing = 0;
			shellPath = /bin/sh;
			shellScript = "\"${PODS_ROOT}/Target Support Files/Pods-SearchNews/Pods-SearchNews-frameworks.sh\"\n";
			showEnvVarsInLog = 0;
		};
		EBCF9DA32AD2C4BE46DCEBEB /* [CP] Check Pods Manifest.lock */ = {
			isa = PBXShellScriptBuildPhase;
			buildActionMask = 2147483647;
			files = (
			);
			inputFileListPaths = (
			);
			inputPaths = (
				"${PODS_PODFILE_DIR_PATH}/Podfile.lock",
				"${PODS_ROOT}/Manifest.lock",
			);
			name = "[CP] Check Pods Manifest.lock";
			outputFileListPaths = (
			);
			outputPaths = (
				"$(DERIVED_FILE_DIR)/Pods-SearchNewsTests-checkManifestLockResult.txt",
			);
			runOnlyForDeploymentPostprocessing = 0;
			shellPath = /bin/sh;
			shellScript = "diff \"${PODS_PODFILE_DIR_PATH}/Podfile.lock\" \"${PODS_ROOT}/Manifest.lock\" > /dev/null\nif [ $? != 0 ] ; then\n    # print error to STDERR\n    echo \"error: The sandbox is not in sync with the Podfile.lock. Run 'pod install' or update your CocoaPods installation.\" >&2\n    exit 1\nfi\n# This output is used by Xcode 'outputs' to avoid re-running this script phase.\necho \"SUCCESS\" > \"${SCRIPT_OUTPUT_FILE_0}\"\n";
			showEnvVarsInLog = 0;
		};
/* End PBXShellScriptBuildPhase section */

/* Begin PBXSourcesBuildPhase section */
		FAB258AD26FE1BC9002A10B9 /* Sources */ = {
			isa = PBXSourcesBuildPhase;
			buildActionMask = 2147483647;
			files = (
				FAB2590026FE2608002A10B9 /* NewsRequestDTO+Mapping.swift in Sources */,
				FAB258F926FE20E5002A10B9 /* SearchNewsRepository.swift in Sources */,
				FAB258F326FE2045002A10B9 /* NetworkService.swift in Sources */,
				FAB2592826FE7584002A10B9 /* ArticleDetailsViewController.swift in Sources */,
				FAB258B926FE1BC9002A10B9 /* ViewController.swift in Sources */,
				FAB2591426FE4F6F002A10B9 /* NewsListItemViewModel.swift in Sources */,
				FAB258FB26FE210A002A10B9 /* NewsModel.swift in Sources */,
				FAB2591B26FE5398002A10B9 /* NewsListTableViewCell.swift in Sources */,
				FAB258FE26FE21A0002A10B9 /* NewsResponseDTO+Mapping.swift in Sources */,
				FAB258F726FE20B9002A10B9 /* SearchNewsUseCase.swift in Sources */,
				FAB258B526FE1BC9002A10B9 /* AppDelegate.swift in Sources */,
				FAB2591F26FE54B8002A10B9 /* ActivityIndicatorMaker.swift in Sources */,
				FAB2591226FE397F002A10B9 /* SearchNewsViewModel.swift in Sources */,
				FAB2592326FE5DB5002A10B9 /* UIViewController+Extension.swift in Sources */,
				FAB2590526FE2B2C002A10B9 /* NewsResponseStorage.swift in Sources */,
				FAB2590226FE2A6A002A10B9 /* DefaultSearchNewsRepository.swift in Sources */,
				FAB258BF26FE1BC9002A10B9 /* SearchNews.xcdatamodeld in Sources */,
				FAB258B726FE1BC9002A10B9 /* SceneDelegate.swift in Sources */,
				FAB2591726FE52F3002A10B9 /* SearchNewsViewController.swift in Sources */,
				FAB2590826FE2BAD002A10B9 /* CoreDataStorage.swift in Sources */,
				FAB2590D26FE32BD002A10B9 /* NewsQuery.swift in Sources */,
				FAB2590B26FE2BF8002A10B9 /* DefaultNewsCoreDataStorage.swift in Sources */,
				FAB258F526FE2068002A10B9 /* Constants.swift in Sources */,
			);
			runOnlyForDeploymentPostprocessing = 0;
		};
		FAB258C626FE1BCC002A10B9 /* Sources */ = {
			isa = PBXSourcesBuildPhase;
			buildActionMask = 2147483647;
			files = (
				FAB258CF26FE1BCC002A10B9 /* SearchNewsTests.swift in Sources */,
			);
			runOnlyForDeploymentPostprocessing = 0;
		};
		FAB258D126FE1BCC002A10B9 /* Sources */ = {
			isa = PBXSourcesBuildPhase;
			buildActionMask = 2147483647;
			files = (
				FAB258DA26FE1BCC002A10B9 /* SearchNewsUITests.swift in Sources */,
			);
			runOnlyForDeploymentPostprocessing = 0;
		};
/* End PBXSourcesBuildPhase section */

/* Begin PBXTargetDependency section */
		FAB258CC26FE1BCC002A10B9 /* PBXTargetDependency */ = {
			isa = PBXTargetDependency;
			target = FAB258B026FE1BC9002A10B9 /* SearchNews */;
			targetProxy = FAB258CB26FE1BCC002A10B9 /* PBXContainerItemProxy */;
		};
		FAB258D726FE1BCC002A10B9 /* PBXTargetDependency */ = {
			isa = PBXTargetDependency;
			target = FAB258B026FE1BC9002A10B9 /* SearchNews */;
			targetProxy = FAB258D626FE1BCC002A10B9 /* PBXContainerItemProxy */;
		};
/* End PBXTargetDependency section */

/* Begin PBXVariantGroup section */
		FAB258BA26FE1BC9002A10B9 /* Main.storyboard */ = {
			isa = PBXVariantGroup;
			children = (
				FAB258BB26FE1BC9002A10B9 /* Base */,
			);
			name = Main.storyboard;
			sourceTree = "<group>";
		};
		FAB258C226FE1BCB002A10B9 /* LaunchScreen.storyboard */ = {
			isa = PBXVariantGroup;
			children = (
				FAB258C326FE1BCB002A10B9 /* Base */,
			);
			name = LaunchScreen.storyboard;
			sourceTree = "<group>";
		};
/* End PBXVariantGroup section */

/* Begin XCBuildConfiguration section */
		FAB258DC26FE1BCC002A10B9 /* Debug */ = {
			isa = XCBuildConfiguration;
			buildSettings = {
				ALWAYS_SEARCH_USER_PATHS = NO;
				CLANG_ANALYZER_NONNULL = YES;
				CLANG_ANALYZER_NUMBER_OBJECT_CONVERSION = YES_AGGRESSIVE;
				CLANG_CXX_LANGUAGE_STANDARD = "gnu++14";
				CLANG_CXX_LIBRARY = "libc++";
				CLANG_ENABLE_MODULES = YES;
				CLANG_ENABLE_OBJC_ARC = YES;
				CLANG_ENABLE_OBJC_WEAK = YES;
				CLANG_WARN_BLOCK_CAPTURE_AUTORELEASING = YES;
				CLANG_WARN_BOOL_CONVERSION = YES;
				CLANG_WARN_COMMA = YES;
				CLANG_WARN_CONSTANT_CONVERSION = YES;
				CLANG_WARN_DEPRECATED_OBJC_IMPLEMENTATIONS = YES;
				CLANG_WARN_DIRECT_OBJC_ISA_USAGE = YES_ERROR;
				CLANG_WARN_DOCUMENTATION_COMMENTS = YES;
				CLANG_WARN_EMPTY_BODY = YES;
				CLANG_WARN_ENUM_CONVERSION = YES;
				CLANG_WARN_INFINITE_RECURSION = YES;
				CLANG_WARN_INT_CONVERSION = YES;
				CLANG_WARN_NON_LITERAL_NULL_CONVERSION = YES;
				CLANG_WARN_OBJC_IMPLICIT_RETAIN_SELF = YES;
				CLANG_WARN_OBJC_LITERAL_CONVERSION = YES;
				CLANG_WARN_OBJC_ROOT_CLASS = YES_ERROR;
				CLANG_WARN_QUOTED_INCLUDE_IN_FRAMEWORK_HEADER = YES;
				CLANG_WARN_RANGE_LOOP_ANALYSIS = YES;
				CLANG_WARN_STRICT_PROTOTYPES = YES;
				CLANG_WARN_SUSPICIOUS_MOVE = YES;
				CLANG_WARN_UNGUARDED_AVAILABILITY = YES_AGGRESSIVE;
				CLANG_WARN_UNREACHABLE_CODE = YES;
				CLANG_WARN__DUPLICATE_METHOD_MATCH = YES;
				COPY_PHASE_STRIP = NO;
				DEBUG_INFORMATION_FORMAT = dwarf;
				ENABLE_STRICT_OBJC_MSGSEND = YES;
				ENABLE_TESTABILITY = YES;
				GCC_C_LANGUAGE_STANDARD = gnu11;
				GCC_DYNAMIC_NO_PIC = NO;
				GCC_NO_COMMON_BLOCKS = YES;
				GCC_OPTIMIZATION_LEVEL = 0;
				GCC_PREPROCESSOR_DEFINITIONS = (
					"DEBUG=1",
					"$(inherited)",
				);
				GCC_WARN_64_TO_32_BIT_CONVERSION = YES;
				GCC_WARN_ABOUT_RETURN_TYPE = YES_ERROR;
				GCC_WARN_UNDECLARED_SELECTOR = YES;
				GCC_WARN_UNINITIALIZED_AUTOS = YES_AGGRESSIVE;
				GCC_WARN_UNUSED_FUNCTION = YES;
				GCC_WARN_UNUSED_VARIABLE = YES;
				IPHONEOS_DEPLOYMENT_TARGET = 14.5;
				MTL_ENABLE_DEBUG_INFO = INCLUDE_SOURCE;
				MTL_FAST_MATH = YES;
				ONLY_ACTIVE_ARCH = YES;
				SDKROOT = iphoneos;
				SWIFT_ACTIVE_COMPILATION_CONDITIONS = DEBUG;
				SWIFT_OPTIMIZATION_LEVEL = "-Onone";
			};
			name = Debug;
		};
		FAB258DD26FE1BCC002A10B9 /* Release */ = {
			isa = XCBuildConfiguration;
			buildSettings = {
				ALWAYS_SEARCH_USER_PATHS = NO;
				CLANG_ANALYZER_NONNULL = YES;
				CLANG_ANALYZER_NUMBER_OBJECT_CONVERSION = YES_AGGRESSIVE;
				CLANG_CXX_LANGUAGE_STANDARD = "gnu++14";
				CLANG_CXX_LIBRARY = "libc++";
				CLANG_ENABLE_MODULES = YES;
				CLANG_ENABLE_OBJC_ARC = YES;
				CLANG_ENABLE_OBJC_WEAK = YES;
				CLANG_WARN_BLOCK_CAPTURE_AUTORELEASING = YES;
				CLANG_WARN_BOOL_CONVERSION = YES;
				CLANG_WARN_COMMA = YES;
				CLANG_WARN_CONSTANT_CONVERSION = YES;
				CLANG_WARN_DEPRECATED_OBJC_IMPLEMENTATIONS = YES;
				CLANG_WARN_DIRECT_OBJC_ISA_USAGE = YES_ERROR;
				CLANG_WARN_DOCUMENTATION_COMMENTS = YES;
				CLANG_WARN_EMPTY_BODY = YES;
				CLANG_WARN_ENUM_CONVERSION = YES;
				CLANG_WARN_INFINITE_RECURSION = YES;
				CLANG_WARN_INT_CONVERSION = YES;
				CLANG_WARN_NON_LITERAL_NULL_CONVERSION = YES;
				CLANG_WARN_OBJC_IMPLICIT_RETAIN_SELF = YES;
				CLANG_WARN_OBJC_LITERAL_CONVERSION = YES;
				CLANG_WARN_OBJC_ROOT_CLASS = YES_ERROR;
				CLANG_WARN_QUOTED_INCLUDE_IN_FRAMEWORK_HEADER = YES;
				CLANG_WARN_RANGE_LOOP_ANALYSIS = YES;
				CLANG_WARN_STRICT_PROTOTYPES = YES;
				CLANG_WARN_SUSPICIOUS_MOVE = YES;
				CLANG_WARN_UNGUARDED_AVAILABILITY = YES_AGGRESSIVE;
				CLANG_WARN_UNREACHABLE_CODE = YES;
				CLANG_WARN__DUPLICATE_METHOD_MATCH = YES;
				COPY_PHASE_STRIP = NO;
				DEBUG_INFORMATION_FORMAT = "dwarf-with-dsym";
				ENABLE_NS_ASSERTIONS = NO;
				ENABLE_STRICT_OBJC_MSGSEND = YES;
				GCC_C_LANGUAGE_STANDARD = gnu11;
				GCC_NO_COMMON_BLOCKS = YES;
				GCC_WARN_64_TO_32_BIT_CONVERSION = YES;
				GCC_WARN_ABOUT_RETURN_TYPE = YES_ERROR;
				GCC_WARN_UNDECLARED_SELECTOR = YES;
				GCC_WARN_UNINITIALIZED_AUTOS = YES_AGGRESSIVE;
				GCC_WARN_UNUSED_FUNCTION = YES;
				GCC_WARN_UNUSED_VARIABLE = YES;
				IPHONEOS_DEPLOYMENT_TARGET = 14.5;
				MTL_ENABLE_DEBUG_INFO = NO;
				MTL_FAST_MATH = YES;
				SDKROOT = iphoneos;
				SWIFT_COMPILATION_MODE = wholemodule;
				SWIFT_OPTIMIZATION_LEVEL = "-O";
				VALIDATE_PRODUCT = YES;
			};
			name = Release;
		};
		FAB258DF26FE1BCC002A10B9 /* Debug */ = {
			isa = XCBuildConfiguration;
			baseConfigurationReference = 731F7C0371D2F9960F8993EF /* Pods-SearchNews.debug.xcconfig */;
			buildSettings = {
				ASSETCATALOG_COMPILER_APPICON_NAME = AppIcon;
				ASSETCATALOG_COMPILER_GLOBAL_ACCENT_COLOR_NAME = AccentColor;
				CODE_SIGN_STYLE = Automatic;
				DEVELOPMENT_TEAM = NHB6XUG436;
				INFOPLIST_FILE = SearchNews/Info.plist;
				LD_RUNPATH_SEARCH_PATHS = (
					"$(inherited)",
					"@executable_path/Frameworks",
				);
				PRODUCT_BUNDLE_IDENTIFIER = com.mr.SearchNews;
				PRODUCT_NAME = "$(TARGET_NAME)";
				SWIFT_VERSION = 5.0;
				TARGETED_DEVICE_FAMILY = "1,2";
			};
			name = Debug;
		};
		FAB258E026FE1BCC002A10B9 /* Release */ = {
			isa = XCBuildConfiguration;
			baseConfigurationReference = 2D8BC5313B8AA06D4066E106 /* Pods-SearchNews.release.xcconfig */;
			buildSettings = {
				ASSETCATALOG_COMPILER_APPICON_NAME = AppIcon;
				ASSETCATALOG_COMPILER_GLOBAL_ACCENT_COLOR_NAME = AccentColor;
				CODE_SIGN_STYLE = Automatic;
				DEVELOPMENT_TEAM = NHB6XUG436;
				INFOPLIST_FILE = SearchNews/Info.plist;
				LD_RUNPATH_SEARCH_PATHS = (
					"$(inherited)",
					"@executable_path/Frameworks",
				);
				PRODUCT_BUNDLE_IDENTIFIER = com.mr.SearchNews;
				PRODUCT_NAME = "$(TARGET_NAME)";
				SWIFT_VERSION = 5.0;
				TARGETED_DEVICE_FAMILY = "1,2";
			};
			name = Release;
		};
		FAB258E226FE1BCC002A10B9 /* Debug */ = {
			isa = XCBuildConfiguration;
			baseConfigurationReference = 67099D65137611B908984DA8 /* Pods-SearchNewsTests.debug.xcconfig */;
			buildSettings = {
				ALWAYS_EMBED_SWIFT_STANDARD_LIBRARIES = YES;
				BUNDLE_LOADER = "$(TEST_HOST)";
				CODE_SIGN_STYLE = Automatic;
				DEVELOPMENT_TEAM = NHB6XUG436;
				INFOPLIST_FILE = SearchNewsTests/Info.plist;
				IPHONEOS_DEPLOYMENT_TARGET = 14.5;
				LD_RUNPATH_SEARCH_PATHS = (
					"$(inherited)",
					"@executable_path/Frameworks",
					"@loader_path/Frameworks",
				);
				PRODUCT_BUNDLE_IDENTIFIER = com.mr.SearchNewsTests;
				PRODUCT_NAME = "$(TARGET_NAME)";
				SWIFT_VERSION = 5.0;
				TARGETED_DEVICE_FAMILY = "1,2";
				TEST_HOST = "$(BUILT_PRODUCTS_DIR)/SearchNews.app/SearchNews";
			};
			name = Debug;
		};
		FAB258E326FE1BCC002A10B9 /* Release */ = {
			isa = XCBuildConfiguration;
			baseConfigurationReference = 84EB3348DC73B9F98160946C /* Pods-SearchNewsTests.release.xcconfig */;
			buildSettings = {
				ALWAYS_EMBED_SWIFT_STANDARD_LIBRARIES = YES;
				BUNDLE_LOADER = "$(TEST_HOST)";
				CODE_SIGN_STYLE = Automatic;
				DEVELOPMENT_TEAM = NHB6XUG436;
				INFOPLIST_FILE = SearchNewsTests/Info.plist;
				IPHONEOS_DEPLOYMENT_TARGET = 14.5;
				LD_RUNPATH_SEARCH_PATHS = (
					"$(inherited)",
					"@executable_path/Frameworks",
					"@loader_path/Frameworks",
				);
				PRODUCT_BUNDLE_IDENTIFIER = com.mr.SearchNewsTests;
				PRODUCT_NAME = "$(TARGET_NAME)";
				SWIFT_VERSION = 5.0;
				TARGETED_DEVICE_FAMILY = "1,2";
				TEST_HOST = "$(BUILT_PRODUCTS_DIR)/SearchNews.app/SearchNews";
			};
			name = Release;
		};
		FAB258E526FE1BCC002A10B9 /* Debug */ = {
			isa = XCBuildConfiguration;
			baseConfigurationReference = 03997949F2ED5C4362249A82 /* Pods-SearchNews-SearchNewsUITests.debug.xcconfig */;
			buildSettings = {
				ALWAYS_EMBED_SWIFT_STANDARD_LIBRARIES = YES;
				CODE_SIGN_STYLE = Automatic;
				DEVELOPMENT_TEAM = NHB6XUG436;
				INFOPLIST_FILE = SearchNewsUITests/Info.plist;
				LD_RUNPATH_SEARCH_PATHS = (
					"$(inherited)",
					"@executable_path/Frameworks",
					"@loader_path/Frameworks",
				);
				PRODUCT_BUNDLE_IDENTIFIER = com.mr.SearchNewsUITests;
				PRODUCT_NAME = "$(TARGET_NAME)";
				SWIFT_VERSION = 5.0;
				TARGETED_DEVICE_FAMILY = "1,2";
				TEST_TARGET_NAME = SearchNews;
			};
			name = Debug;
		};
		FAB258E626FE1BCC002A10B9 /* Release */ = {
			isa = XCBuildConfiguration;
			baseConfigurationReference = D2B7F927A2FAB11A7866619E /* Pods-SearchNews-SearchNewsUITests.release.xcconfig */;
			buildSettings = {
				ALWAYS_EMBED_SWIFT_STANDARD_LIBRARIES = YES;
				CODE_SIGN_STYLE = Automatic;
				DEVELOPMENT_TEAM = NHB6XUG436;
				INFOPLIST_FILE = SearchNewsUITests/Info.plist;
				LD_RUNPATH_SEARCH_PATHS = (
					"$(inherited)",
					"@executable_path/Frameworks",
					"@loader_path/Frameworks",
				);
				PRODUCT_BUNDLE_IDENTIFIER = com.mr.SearchNewsUITests;
				PRODUCT_NAME = "$(TARGET_NAME)";
				SWIFT_VERSION = 5.0;
				TARGETED_DEVICE_FAMILY = "1,2";
				TEST_TARGET_NAME = SearchNews;
			};
			name = Release;
		};
/* End XCBuildConfiguration section */

/* Begin XCConfigurationList section */
		FAB258AC26FE1BC9002A10B9 /* Build configuration list for PBXProject "SearchNews" */ = {
			isa = XCConfigurationList;
			buildConfigurations = (
				FAB258DC26FE1BCC002A10B9 /* Debug */,
				FAB258DD26FE1BCC002A10B9 /* Release */,
			);
			defaultConfigurationIsVisible = 0;
			defaultConfigurationName = Release;
		};
		FAB258DE26FE1BCC002A10B9 /* Build configuration list for PBXNativeTarget "SearchNews" */ = {
			isa = XCConfigurationList;
			buildConfigurations = (
				FAB258DF26FE1BCC002A10B9 /* Debug */,
				FAB258E026FE1BCC002A10B9 /* Release */,
			);
			defaultConfigurationIsVisible = 0;
			defaultConfigurationName = Release;
		};
		FAB258E126FE1BCC002A10B9 /* Build configuration list for PBXNativeTarget "SearchNewsTests" */ = {
			isa = XCConfigurationList;
			buildConfigurations = (
				FAB258E226FE1BCC002A10B9 /* Debug */,
				FAB258E326FE1BCC002A10B9 /* Release */,
			);
			defaultConfigurationIsVisible = 0;
			defaultConfigurationName = Release;
		};
		FAB258E426FE1BCC002A10B9 /* Build configuration list for PBXNativeTarget "SearchNewsUITests" */ = {
			isa = XCConfigurationList;
			buildConfigurations = (
				FAB258E526FE1BCC002A10B9 /* Debug */,
				FAB258E626FE1BCC002A10B9 /* Release */,
			);
			defaultConfigurationIsVisible = 0;
			defaultConfigurationName = Release;
		};
/* End XCConfigurationList section */

/* Begin XCVersionGroup section */
		FAB258BD26FE1BC9002A10B9 /* SearchNews.xcdatamodeld */ = {
			isa = XCVersionGroup;
			children = (
				FAB258BE26FE1BC9002A10B9 /* SearchNews.xcdatamodel */,
			);
			currentVersion = FAB258BE26FE1BC9002A10B9 /* SearchNews.xcdatamodel */;
			path = SearchNews.xcdatamodeld;
			sourceTree = "<group>";
			versionGroupType = wrapper.xcdatamodel;
		};
/* End XCVersionGroup section */
	};
	rootObject = FAB258A926FE1BC9002A10B9 /* Project object */;
}
